// !$*UTF8*$!
{
	archiveVersion = 1;
	classes = {
	};
	objectVersion = 46;
	objects = {

/* Begin PBXBuildFile section */
		7147DF541D65CDF900F1CCA2 /* main.m in Sources */ = {isa = PBXBuildFile; fileRef = 7147DF531D65CDF900F1CCA2 /* main.m */; };
		7147DF571D65CDF900F1CCA2 /* AppDelegate.m in Sources */ = {isa = PBXBuildFile; fileRef = 7147DF561D65CDF900F1CCA2 /* AppDelegate.m */; };
		7147DF5A1D65CDF900F1CCA2 /* ViewController.m in Sources */ = {isa = PBXBuildFile; fileRef = 7147DF591D65CDF900F1CCA2 /* ViewController.m */; };
		7147DF5D1D65CDF900F1CCA2 /* Main.storyboard in Resources */ = {isa = PBXBuildFile; fileRef = 7147DF5B1D65CDF900F1CCA2 /* Main.storyboard */; };
		7147DF5F1D65CDF900F1CCA2 /* Assets.xcassets in Resources */ = {isa = PBXBuildFile; fileRef = 7147DF5E1D65CDF900F1CCA2 /* Assets.xcassets */; };
		7147DF621D65CDF900F1CCA2 /* LaunchScreen.storyboard in Resources */ = {isa = PBXBuildFile; fileRef = 7147DF601D65CDF900F1CCA2 /* LaunchScreen.storyboard */; };
		7147DF6D1D65CDF900F1CCA2 /* DisplayBSSIDTests.m in Sources */ = {isa = PBXBuildFile; fileRef = 7147DF6C1D65CDF900F1CCA2 /* DisplayBSSIDTests.m */; };
		7147DF781D65CDF900F1CCA2 /* DisplayBSSIDUITests.m in Sources */ = {isa = PBXBuildFile; fileRef = 7147DF771D65CDF900F1CCA2 /* DisplayBSSIDUITests.m */; };
/* End PBXBuildFile section */

/* Begin PBXContainerItemProxy section */
		7147DF691D65CDF900F1CCA2 /* PBXContainerItemProxy */ = {
			isa = PBXContainerItemProxy;
			containerPortal = 7147DF471D65CDF900F1CCA2 /* Project object */;
			proxyType = 1;
			remoteGlobalIDString = 7147DF4E1D65CDF900F1CCA2;
			remoteInfo = DisplayBSSID;
		};
		7147DF741D65CDF900F1CCA2 /* PBXContainerItemProxy */ = {
			isa = PBXContainerItemProxy;
			containerPortal = 7147DF471D65CDF900F1CCA2 /* Project object */;
			proxyType = 1;
			remoteGlobalIDString = 7147DF4E1D65CDF900F1CCA2;
			remoteInfo = DisplayBSSID;
		};
/* End PBXContainerItemProxy section */

/* Begin PBXFileReference section */
		7147DF4F1D65CDF900F1CCA2 /* DisplayBSSID.app */ = {isa = PBXFileReference; explicitFileType = wrapper.application; includeInIndex = 0; path = DisplayBSSID.app; sourceTree = BUILT_PRODUCTS_DIR; };
		7147DF531D65CDF900F1CCA2 /* main.m */ = {isa = PBXFileReference; lastKnownFileType = sourcecode.c.objc; path = main.m; sourceTree = "<group>"; };
		7147DF551D65CDF900F1CCA2 /* AppDelegate.h */ = {isa = PBXFileReference; lastKnownFileType = sourcecode.c.h; path = AppDelegate.h; sourceTree = "<group>"; };
		7147DF561D65CDF900F1CCA2 /* AppDelegate.m */ = {isa = PBXFileReference; lastKnownFileType = sourcecode.c.objc; path = AppDelegate.m; sourceTree = "<group>"; };
		7147DF581D65CDF900F1CCA2 /* ViewController.h */ = {isa = PBXFileReference; lastKnownFileType = sourcecode.c.h; path = ViewController.h; sourceTree = "<group>"; };
		7147DF591D65CDF900F1CCA2 /* ViewController.m */ = {isa = PBXFileReference; lastKnownFileType = sourcecode.c.objc; path = ViewController.m; sourceTree = "<group>"; };
		7147DF5C1D65CDF900F1CCA2 /* Base */ = {isa = PBXFileReference; lastKnownFileType = file.storyboard; name = Base; path = Base.lproj/Main.storyboard; sourceTree = "<group>"; };
		7147DF5E1D65CDF900F1CCA2 /* Assets.xcassets */ = {isa = PBXFileReference; lastKnownFileType = folder.assetcatalog; path = Assets.xcassets; sourceTree = "<group>"; };
		7147DF611D65CDF900F1CCA2 /* Base */ = {isa = PBXFileReference; lastKnownFileType = file.storyboard; name = Base; path = Base.lproj/LaunchScreen.storyboard; sourceTree = "<group>"; };
		7147DF631D65CDF900F1CCA2 /* Info.plist */ = {isa = PBXFileReference; lastKnownFileType = text.plist.xml; path = Info.plist; sourceTree = "<group>"; };
		7147DF681D65CDF900F1CCA2 /* DisplayBSSIDTests.xctest */ = {isa = PBXFileReference; explicitFileType = wrapper.cfbundle; includeInIndex = 0; path = DisplayBSSIDTests.xctest; sourceTree = BUILT_PRODUCTS_DIR; };
		7147DF6C1D65CDF900F1CCA2 /* DisplayBSSIDTests.m */ = {isa = PBXFileReference; lastKnownFileType = sourcecode.c.objc; path = DisplayBSSIDTests.m; sourceTree = "<group>"; };
		7147DF6E1D65CDF900F1CCA2 /* Info.plist */ = {isa = PBXFileReference; lastKnownFileType = text.plist.xml; path = Info.plist; sourceTree = "<group>"; };
		7147DF731D65CDF900F1CCA2 /* DisplayBSSIDUITests.xctest */ = {isa = PBXFileReference; explicitFileType = wrapper.cfbundle; includeInIndex = 0; path = DisplayBSSIDUITests.xctest; sourceTree = BUILT_PRODUCTS_DIR; };
		7147DF771D65CDF900F1CCA2 /* DisplayBSSIDUITests.m */ = {isa = PBXFileReference; lastKnownFileType = sourcecode.c.objc; path = DisplayBSSIDUITests.m; sourceTree = "<group>"; };
		7147DF791D65CDF900F1CCA2 /* Info.plist */ = {isa = PBXFileReference; lastKnownFileType = text.plist.xml; path = Info.plist; sourceTree = "<group>"; };
/* End PBXFileReference section */

/* Begin PBXFrameworksBuildPhase section */
		7147DF4C1D65CDF900F1CCA2 /* Frameworks */ = {
			isa = PBXFrameworksBuildPhase;
			buildActionMask = 2147483647;
			files = (
			);
			runOnlyForDeploymentPostprocessing = 0;
		};
		7147DF651D65CDF900F1CCA2 /* Frameworks */ = {
			isa = PBXFrameworksBuildPhase;
			buildActionMask = 2147483647;
			files = (
			);
			runOnlyForDeploymentPostprocessing = 0;
		};
		7147DF701D65CDF900F1CCA2 /* Frameworks */ = {
			isa = PBXFrameworksBuildPhase;
			buildActionMask = 2147483647;
			files = (
			);
			runOnlyForDeploymentPostprocessing = 0;
		};
/* End PBXFrameworksBuildPhase section */

/* Begin PBXGroup section */
		7147DF461D65CDF900F1CCA2 = {
			isa = PBXGroup;
			children = (
				7147DF511D65CDF900F1CCA2 /* DisplayBSSID */,
				7147DF6B1D65CDF900F1CCA2 /* DisplayBSSIDTests */,
				7147DF761D65CDF900F1CCA2 /* DisplayBSSIDUITests */,
				7147DF501D65CDF900F1CCA2 /* Products */,
			);
			sourceTree = "<group>";
		};
		7147DF501D65CDF900F1CCA2 /* Products */ = {
			isa = PBXGroup;
			children = (
				7147DF4F1D65CDF900F1CCA2 /* DisplayBSSID.app */,
				7147DF681D65CDF900F1CCA2 /* DisplayBSSIDTests.xctest */,
				7147DF731D65CDF900F1CCA2 /* DisplayBSSIDUITests.xctest */,
			);
			name = Products;
			sourceTree = "<group>";
		};
		7147DF511D65CDF900F1CCA2 /* DisplayBSSID */ = {
			isa = PBXGroup;
			children = (
				7147DF551D65CDF900F1CCA2 /* AppDelegate.h */,
				7147DF561D65CDF900F1CCA2 /* AppDelegate.m */,
				7147DF581D65CDF900F1CCA2 /* ViewController.h */,
				7147DF591D65CDF900F1CCA2 /* ViewController.m */,
				7147DF5B1D65CDF900F1CCA2 /* Main.storyboard */,
				7147DF5E1D65CDF900F1CCA2 /* Assets.xcassets */,
				7147DF601D65CDF900F1CCA2 /* LaunchScreen.storyboard */,
				7147DF631D65CDF900F1CCA2 /* Info.plist */,
				7147DF521D65CDF900F1CCA2 /* Supporting Files */,
			);
			path = DisplayBSSID;
			sourceTree = "<group>";
		};
		7147DF521D65CDF900F1CCA2 /* Supporting Files */ = {
			isa = PBXGroup;
			children = (
				7147DF531D65CDF900F1CCA2 /* main.m */,
			);
			name = "Supporting Files";
			sourceTree = "<group>";
		};
		7147DF6B1D65CDF900F1CCA2 /* DisplayBSSIDTests */ = {
			isa = PBXGroup;
			children = (
				7147DF6C1D65CDF900F1CCA2 /* DisplayBSSIDTests.m */,
				7147DF6E1D65CDF900F1CCA2 /* Info.plist */,
			);
			path = DisplayBSSIDTests;
			sourceTree = "<group>";
		};
		7147DF761D65CDF900F1CCA2 /* DisplayBSSIDUITests */ = {
			isa = PBXGroup;
			children = (
				7147DF771D65CDF900F1CCA2 /* DisplayBSSIDUITests.m */,
				7147DF791D65CDF900F1CCA2 /* Info.plist */,
			);
			path = DisplayBSSIDUITests;
			sourceTree = "<group>";
		};
/* End PBXGroup section */

/* Begin PBXNativeTarget section */
		7147DF4E1D65CDF900F1CCA2 /* DisplayBSSID */ = {
			isa = PBXNativeTarget;
			buildConfigurationList = 7147DF7C1D65CDF900F1CCA2 /* Build configuration list for PBXNativeTarget "DisplayBSSID" */;
			buildPhases = (
				7147DF4B1D65CDF900F1CCA2 /* Sources */,
				7147DF4C1D65CDF900F1CCA2 /* Frameworks */,
				7147DF4D1D65CDF900F1CCA2 /* Resources */,
			);
			buildRules = (
			);
			dependencies = (
			);
			name = DisplayBSSID;
			productName = DisplayBSSID;
			productReference = 7147DF4F1D65CDF900F1CCA2 /* DisplayBSSID.app */;
			productType = "com.apple.product-type.application";
		};
		7147DF671D65CDF900F1CCA2 /* DisplayBSSIDTests */ = {
			isa = PBXNativeTarget;
			buildConfigurationList = 7147DF7F1D65CDF900F1CCA2 /* Build configuration list for PBXNativeTarget "DisplayBSSIDTests" */;
			buildPhases = (
				7147DF641D65CDF900F1CCA2 /* Sources */,
				7147DF651D65CDF900F1CCA2 /* Frameworks */,
				7147DF661D65CDF900F1CCA2 /* Resources */,
			);
			buildRules = (
			);
			dependencies = (
				7147DF6A1D65CDF900F1CCA2 /* PBXTargetDependency */,
			);
			name = DisplayBSSIDTests;
			productName = DisplayBSSIDTests;
			productReference = 7147DF681D65CDF900F1CCA2 /* DisplayBSSIDTests.xctest */;
			productType = "com.apple.product-type.bundle.unit-test";
		};
		7147DF721D65CDF900F1CCA2 /* DisplayBSSIDUITests */ = {
			isa = PBXNativeTarget;
			buildConfigurationList = 7147DF821D65CDF900F1CCA2 /* Build configuration list for PBXNativeTarget "DisplayBSSIDUITests" */;
			buildPhases = (
				7147DF6F1D65CDF900F1CCA2 /* Sources */,
				7147DF701D65CDF900F1CCA2 /* Frameworks */,
				7147DF711D65CDF900F1CCA2 /* Resources */,
			);
			buildRules = (
			);
			dependencies = (
				7147DF751D65CDF900F1CCA2 /* PBXTargetDependency */,
			);
			name = DisplayBSSIDUITests;
			productName = DisplayBSSIDUITests;
			productReference = 7147DF731D65CDF900F1CCA2 /* DisplayBSSIDUITests.xctest */;
			productType = "com.apple.product-type.bundle.ui-testing";
		};
/* End PBXNativeTarget section */

/* Begin PBXProject section */
		7147DF471D65CDF900F1CCA2 /* Project object */ = {
			isa = PBXProject;
			attributes = {
				LastUpgradeCheck = 0730;
				ORGANIZATIONNAME = "Ryusuke Hotta";
				TargetAttributes = {
					7147DF4E1D65CDF900F1CCA2 = {
						CreatedOnToolsVersion = 7.3;
					};
					7147DF671D65CDF900F1CCA2 = {
						CreatedOnToolsVersion = 7.3;
						TestTargetID = 7147DF4E1D65CDF900F1CCA2;
					};
					7147DF721D65CDF900F1CCA2 = {
						CreatedOnToolsVersion = 7.3;
						TestTargetID = 7147DF4E1D65CDF900F1CCA2;
					};
				};
			};
			buildConfigurationList = 7147DF4A1D65CDF900F1CCA2 /* Build configuration list for PBXProject "DisplayBSSID" */;
			compatibilityVersion = "Xcode 3.2";
			developmentRegion = English;
			hasScannedForEncodings = 0;
			knownRegions = (
				en,
				Base,
			);
			mainGroup = 7147DF461D65CDF900F1CCA2;
			productRefGroup = 7147DF501D65CDF900F1CCA2 /* Products */;
			projectDirPath = "";
			projectRoot = "";
			targets = (
				7147DF4E1D65CDF900F1CCA2 /* DisplayBSSID */,
				7147DF671D65CDF900F1CCA2 /* DisplayBSSIDTests */,
				7147DF721D65CDF900F1CCA2 /* DisplayBSSIDUITests */,
			);
		};
/* End PBXProject section */

/* Begin PBXResourcesBuildPhase section */
		7147DF4D1D65CDF900F1CCA2 /* Resources */ = {
			isa = PBXResourcesBuildPhase;
			buildActionMask = 2147483647;
			files = (
				7147DF621D65CDF900F1CCA2 /* LaunchScreen.storyboard in Resources */,
				7147DF5F1D65CDF900F1CCA2 /* Assets.xcassets in Resources */,
				7147DF5D1D65CDF900F1CCA2 /* Main.storyboard in Resources */,
			);
			runOnlyForDeploymentPostprocessing = 0;
		};
		7147DF661D65CDF900F1CCA2 /* Resources */ = {
			isa = PBXResourcesBuildPhase;
			buildActionMask = 2147483647;
			files = (
			);
			runOnlyForDeploymentPostprocessing = 0;
		};
		7147DF711D65CDF900F1CCA2 /* Resources */ = {
			isa = PBXResourcesBuildPhase;
			buildActionMask = 2147483647;
			files = (
			);
			runOnlyForDeploymentPostprocessing = 0;
		};
/* End PBXResourcesBuildPhase section */

/* Begin PBXSourcesBuildPhase section */
		7147DF4B1D65CDF900F1CCA2 /* Sources */ = {
			isa = PBXSourcesBuildPhase;
			buildActionMask = 2147483647;
			files = (
				7147DF5A1D65CDF900F1CCA2 /* ViewController.m in Sources */,
				7147DF571D65CDF900F1CCA2 /* AppDelegate.m in Sources */,
				7147DF541D65CDF900F1CCA2 /* main.m in Sources */,
			);
			runOnlyForDeploymentPostprocessing = 0;
		};
		7147DF641D65CDF900F1CCA2 /* Sources */ = {
			isa = PBXSourcesBuildPhase;
			buildActionMask = 2147483647;
			files = (
				7147DF6D1D65CDF900F1CCA2 /* DisplayBSSIDTests.m in Sources */,
			);
			runOnlyForDeploymentPostprocessing = 0;
		};
		7147DF6F1D65CDF900F1CCA2 /* Sources */ = {
			isa = PBXSourcesBuildPhase;
			buildActionMask = 2147483647;
			files = (
				7147DF781D65CDF900F1CCA2 /* DisplayBSSIDUITests.m in Sources */,
			);
			runOnlyForDeploymentPostprocessing = 0;
		};
/* End PBXSourcesBuildPhase section */

/* Begin PBXTargetDependency section */
		7147DF6A1D65CDF900F1CCA2 /* PBXTargetDependency */ = {
			isa = PBXTargetDependency;
			target = 7147DF4E1D65CDF900F1CCA2 /* DisplayBSSID */;
			targetProxy = 7147DF691D65CDF900F1CCA2 /* PBXContainerItemProxy */;
		};
		7147DF751D65CDF900F1CCA2 /* PBXTargetDependency */ = {
			isa = PBXTargetDependency;
			target = 7147DF4E1D65CDF900F1CCA2 /* DisplayBSSID */;
			targetProxy = 7147DF741D65CDF900F1CCA2 /* PBXContainerItemProxy */;
		};
/* End PBXTargetDependency section */

/* Begin PBXVariantGroup section */
		7147DF5B1D65CDF900F1CCA2 /* Main.storyboard */ = {
			isa = PBXVariantGroup;
			children = (
				7147DF5C1D65CDF900F1CCA2 /* Base */,
			);
			name = Main.storyboard;
			sourceTree = "<group>";
		};
		7147DF601D65CDF900F1CCA2 /* LaunchScreen.storyboard */ = {
			isa = PBXVariantGroup;
			children = (
				7147DF611D65CDF900F1CCA2 /* Base */,
			);
			name = LaunchScreen.storyboard;
			sourceTree = "<group>";
		};
/* End PBXVariantGroup section */

/* Begin XCBuildConfiguration section */
		7147DF7A1D65CDF900F1CCA2 /* Debug */ = {
			isa = XCBuildConfiguration;
			buildSettings = {
				ALWAYS_SEARCH_USER_PATHS = NO;
				CLANG_ANALYZER_NONNULL = YES;
				CLANG_CXX_LANGUAGE_STANDARD = "gnu++0x";
				CLANG_CXX_LIBRARY = "libc++";
				CLANG_ENABLE_MODULES = YES;
				CLANG_ENABLE_OBJC_ARC = YES;
				CLANG_WARN_BOOL_CONVERSION = YES;
				CLANG_WARN_CONSTANT_CONVERSION = YES;
				CLANG_WARN_DIRECT_OBJC_ISA_USAGE = YES_ERROR;
				CLANG_WARN_EMPTY_BODY = YES;
				CLANG_WARN_ENUM_CONVERSION = YES;
				CLANG_WARN_INT_CONVERSION = YES;
				CLANG_WARN_OBJC_ROOT_CLASS = YES_ERROR;
				CLANG_WARN_UNREACHABLE_CODE = YES;
				CLANG_WARN__DUPLICATE_METHOD_MATCH = YES;
				"CODE_SIGN_IDENTITY[sdk=iphoneos*]" = "iPhone Developer";
				COPY_PHASE_STRIP = NO;
				DEBUG_INFORMATION_FORMAT = dwarf;
				ENABLE_STRICT_OBJC_MSGSEND = YES;
				ENABLE_TESTABILITY = YES;
				GCC_C_LANGUAGE_STANDARD = gnu99;
				GCC_DYNAMIC_NO_PIC = NO;
				GCC_NO_COMMON_BLOCKS = YES;
				GCC_OPTIMIZATION_LEVEL = 0;
				GCC_PREPROCESSOR_DEFINITIONS = (
					"DEBUG=1",
					"$(inherited)",
				);
				GCC_WARN_64_TO_32_BIT_CONVERSION = YES;
				GCC_WARN_ABOUT_RETURN_TYPE = YES_ERROR;
				GCC_WARN_UNDECLARED_SELECTOR = YES;
				GCC_WARN_UNINITIALIZED_AUTOS = YES_AGGRESSIVE;
				GCC_WARN_UNUSED_FUNCTION = YES;
				GCC_WARN_UNUSED_VARIABLE = YES;
				IPHONEOS_DEPLOYMENT_TARGET = 9.3;
				MTL_ENABLE_DEBUG_INFO = YES;
				ONLY_ACTIVE_ARCH = YES;
				SDKROOT = iphoneos;
				TARGETED_DEVICE_FAMILY = "1,2";
			};
			name = Debug;
		};
		7147DF7B1D65CDF900F1CCA2 /* Release */ = {
			isa = XCBuildConfiguration;
			buildSettings = {
				ALWAYS_SEARCH_USER_PATHS = NO;
				CLANG_ANALYZER_NONNULL = YES;
				CLANG_CXX_LANGUAGE_STANDARD = "gnu++0x";
				CLANG_CXX_LIBRARY = "libc++";
				CLANG_ENABLE_MODULES = YES;
				CLANG_ENABLE_OBJC_ARC = YES;
				CLANG_WARN_BOOL_CONVERSION = YES;
				CLANG_WARN_CONSTANT_CONVERSION = YES;
				CLANG_WARN_DIRECT_OBJC_ISA_USAGE = YES_ERROR;
				CLANG_WARN_EMPTY_BODY = YES;
				CLANG_WARN_ENUM_CONVERSION = YES;
				CLANG_WARN_INT_CONVERSION = YES;
				CLANG_WARN_OBJC_ROOT_CLASS = YES_ERROR;
				CLANG_WARN_UNREACHABLE_CODE = YES;
				CLANG_WARN__DUPLICATE_METHOD_MATCH = YES;
				"CODE_SIGN_IDENTITY[sdk=iphoneos*]" = "iPhone Developer";
				COPY_PHASE_STRIP = NO;
				DEBUG_INFORMATION_FORMAT = "dwarf-with-dsym";
				ENABLE_NS_ASSERTIONS = NO;
				ENABLE_STRICT_OBJC_MSGSEND = YES;
				GCC_C_LANGUAGE_STANDARD = gnu99;
				GCC_NO_COMMON_BLOCKS = YES;
				GCC_WARN_64_TO_32_BIT_CONVERSION = YES;
				GCC_WARN_ABOUT_RETURN_TYPE = YES_ERROR;
				GCC_WARN_UNDECLARED_SELECTOR = YES;
				GCC_WARN_UNINITIALIZED_AUTOS = YES_AGGRESSIVE;
				GCC_WARN_UNUSED_FUNCTION = YES;
				GCC_WARN_UNUSED_VARIABLE = YES;
				IPHONEOS_DEPLOYMENT_TARGET = 9.3;
				MTL_ENABLE_DEBUG_INFO = NO;
				SDKROOT = iphoneos;
				TARGETED_DEVICE_FAMILY = "1,2";
				VALIDATE_PRODUCT = YES;
			};
			name = Release;
		};
		7147DF7D1D65CDF900F1CCA2 /* Debug */ = {
			isa = XCBuildConfiguration;
			buildSettings = {
				ASSETCATALOG_COMPILER_APPICON_NAME = AppIcon;
				INFOPLIST_FILE = DisplayBSSID/Info.plist;
				LD_RUNPATH_SEARCH_PATHS = "$(inherited) @executable_path/Frameworks";
				PRODUCT_BUNDLE_IDENTIFIER = com.arinkosoft.DisplayBSSID;
				PRODUCT_NAME = "$(TARGET_NAME)";
			};
			name = Debug;
		};
		7147DF7E1D65CDF900F1CCA2 /* Release */ = {
			isa = XCBuildConfiguration;
			buildSettings = {
				ASSETCATALOG_COMPILER_APPICON_NAME = AppIcon;
				INFOPLIST_FILE = DisplayBSSID/Info.plist;
				LD_RUNPATH_SEARCH_PATHS = "$(inherited) @executable_path/Frameworks";
				PRODUCT_BUNDLE_IDENTIFIER = com.arinkosoft.DisplayBSSID;
				PRODUCT_NAME = "$(TARGET_NAME)";
			};
			name = Release;
		};
		7147DF801D65CDF900F1CCA2 /* Debug */ = {
			isa = XCBuildConfiguration;
			buildSettings = {
				BUNDLE_LOADER = "$(TEST_HOST)";
				INFOPLIST_FILE = DisplayBSSIDTests/Info.plist;
				LD_RUNPATH_SEARCH_PATHS = "$(inherited) @executable_path/Frameworks @loader_path/Frameworks";
				PRODUCT_BUNDLE_IDENTIFIER = com.arinkosoft.DisplayBSSIDTests;
				PRODUCT_NAME = "$(TARGET_NAME)";
				TEST_HOST = "$(BUILT_PRODUCTS_DIR)/DisplayBSSID.app/DisplayBSSID";
			};
			name = Debug;
		};
		7147DF811D65CDF900F1CCA2 /* Release */ = {
			isa = XCBuildConfiguration;
			buildSettings = {
				BUNDLE_LOADER = "$(TEST_HOST)";
				INFOPLIST_FILE = DisplayBSSIDTests/Info.plist;
				LD_RUNPATH_SEARCH_PATHS = "$(inherited) @executable_path/Frameworks @loader_path/Frameworks";
				PRODUCT_BUNDLE_IDENTIFIER = com.arinkosoft.DisplayBSSIDTests;
				PRODUCT_NAME = "$(TARGET_NAME)";
				TEST_HOST = "$(BUILT_PRODUCTS_DIR)/DisplayBSSID.app/DisplayBSSID";
			};
			name = Release;
		};
		7147DF831D65CDF900F1CCA2 /* Debug */ = {
			isa = XCBuildConfiguration;
			buildSettings = {
				INFOPLIST_FILE = DisplayBSSIDUITests/Info.plist;
				LD_RUNPATH_SEARCH_PATHS = "$(inherited) @executable_path/Frameworks @loader_path/Frameworks";
				PRODUCT_BUNDLE_IDENTIFIER = com.arinkosoft.DisplayBSSIDUITests;
				PRODUCT_NAME = "$(TARGET_NAME)";
				TEST_TARGET_NAME = DisplayBSSID;
			};
			name = Debug;
		};
		7147DF841D65CDF900F1CCA2 /* Release */ = {
			isa = XCBuildConfiguration;
			buildSettings = {
				INFOPLIST_FILE = DisplayBSSIDUITests/Info.plist;
				LD_RUNPATH_SEARCH_PATHS = "$(inherited) @executable_path/Frameworks @loader_path/Frameworks";
				PRODUCT_BUNDLE_IDENTIFIER = com.arinkosoft.DisplayBSSIDUITests;
				PRODUCT_NAME = "$(TARGET_NAME)";
				TEST_TARGET_NAME = DisplayBSSID;
			};
			name = Release;
		};
/* End XCBuildConfiguration section */

/* Begin XCConfigurationList section */
		7147DF4A1D65CDF900F1CCA2 /* Build configuration list for PBXProject "DisplayBSSID" */ = {
			isa = XCConfigurationList;
			buildConfigurations = (
				7147DF7A1D65CDF900F1CCA2 /* Debug */,
				7147DF7B1D65CDF900F1CCA2 /* Release */,
			);
			defaultConfigurationIsVisible = 0;
			defaultConfigurationName = Release;
		};
		7147DF7C1D65CDF900F1CCA2 /* Build configuration list for PBXNativeTarget "DisplayBSSID" */ = {
			isa = XCConfigurationList;
			buildConfigurations = (
				7147DF7D1D65CDF900F1CCA2 /* Debug */,
				7147DF7E1D65CDF900F1CCA2 /* Release */,
			);
			defaultConfigurationIsVisible = 0;
		};
		7147DF7F1D65CDF900F1CCA2 /* Build configuration list for PBXNativeTarget "DisplayBSSIDTests" */ = {
			isa = XCConfigurationList;
			buildConfigurations = (
				7147DF801D65CDF900F1CCA2 /* Debug */,
				7147DF811D65CDF900F1CCA2 /* Release */,
			);
			defaultConfigurationIsVisible = 0;
		};
		7147DF821D65CDF900F1CCA2 /* Build configuration list for PBXNativeTarget "DisplayBSSIDUITests" */ = {
			isa = XCConfigurationList;
			buildConfigurations = (
				7147DF831D65CDF900F1CCA2 /* Debug */,
				7147DF841D65CDF900F1CCA2 /* Release */,
			);
			defaultConfigurationIsVisible = 0;
		};
/* End XCConfigurationList section */
	};
	rootObject = 7147DF471D65CDF900F1CCA2 /* Project object */;
}
